// !$*UTF8*$!
{
	archiveVersion = 1;
	classes = {
	};
	objectVersion = 50;
	objects = {

/* Begin PBXBuildFile section */
		2B9A4925233A238000601FF0 /* AppDelegate.swift in Sources */ = {isa = PBXBuildFile; fileRef = 2B9A4924233A238000601FF0 /* AppDelegate.swift */; };
		2B9A4927233A238000601FF0 /* SceneDelegate.swift in Sources */ = {isa = PBXBuildFile; fileRef = 2B9A4926233A238000601FF0 /* SceneDelegate.swift */; };
		2B9A4929233A238000601FF0 /* ContentView.swift in Sources */ = {isa = PBXBuildFile; fileRef = 2B9A4928233A238000601FF0 /* ContentView.swift */; };
		2B9A492B233A238100601FF0 /* Assets.xcassets in Resources */ = {isa = PBXBuildFile; fileRef = 2B9A492A233A238100601FF0 /* Assets.xcassets */; };
		2B9A492E233A238100601FF0 /* Preview Assets.xcassets in Resources */ = {isa = PBXBuildFile; fileRef = 2B9A492D233A238100601FF0 /* Preview Assets.xcassets */; };
		2B9A4931233A238100601FF0 /* LaunchScreen.storyboard in Resources */ = {isa = PBXBuildFile; fileRef = 2B9A492F233A238100601FF0 /* LaunchScreen.storyboard */; };
		2B9A4939233A31D600601FF0 /* ChatList.swift in Sources */ = {isa = PBXBuildFile; fileRef = 2B9A4938233A31D600601FF0 /* ChatList.swift */; };
		2B9A493B233A320600601FF0 /* Settings.swift in Sources */ = {isa = PBXBuildFile; fileRef = 2B9A493A233A320600601FF0 /* Settings.swift */; };
		2B9A493F233A4DB200601FF0 /* TabColorizer.swift in Sources */ = {isa = PBXBuildFile; fileRef = 2B9A493E233A4DB200601FF0 /* TabColorizer.swift */; };
		2B9E0B8D233A735400D156B4 /* ChatView.swift in Sources */ = {isa = PBXBuildFile; fileRef = 2B9E0B8C233A735400D156B4 /* ChatView.swift */; };
/* End PBXBuildFile section */

/* Begin PBXFileReference section */
		2B9A4921233A237F00601FF0 /* MessagingApp2.app */ = {isa = PBXFileReference; explicitFileType = wrapper.application; includeInIndex = 0; path = MessagingApp2.app; sourceTree = BUILT_PRODUCTS_DIR; };
		2B9A4924233A238000601FF0 /* AppDelegate.swift */ = {isa = PBXFileReference; lastKnownFileType = sourcecode.swift; path = AppDelegate.swift; sourceTree = "<group>"; };
		2B9A4926233A238000601FF0 /* SceneDelegate.swift */ = {isa = PBXFileReference; lastKnownFileType = sourcecode.swift; path = SceneDelegate.swift; sourceTree = "<group>"; };
		2B9A4928233A238000601FF0 /* ContentView.swift */ = {isa = PBXFileReference; lastKnownFileType = sourcecode.swift; path = ContentView.swift; sourceTree = "<group>"; };
		2B9A492A233A238100601FF0 /* Assets.xcassets */ = {isa = PBXFileReference; lastKnownFileType = folder.assetcatalog; path = Assets.xcassets; sourceTree = "<group>"; };
		2B9A492D233A238100601FF0 /* Preview Assets.xcassets */ = {isa = PBXFileReference; lastKnownFileType = folder.assetcatalog; path = "Preview Assets.xcassets"; sourceTree = "<group>"; };
		2B9A4930233A238100601FF0 /* Base */ = {isa = PBXFileReference; lastKnownFileType = file.storyboard; name = Base; path = Base.lproj/LaunchScreen.storyboard; sourceTree = "<group>"; };
		2B9A4932233A238100601FF0 /* Info.plist */ = {isa = PBXFileReference; lastKnownFileType = text.plist.xml; path = Info.plist; sourceTree = "<group>"; };
		2B9A4938233A31D600601FF0 /* ChatList.swift */ = {isa = PBXFileReference; lastKnownFileType = sourcecode.swift; path = ChatList.swift; sourceTree = "<group>"; };
		2B9A493A233A320600601FF0 /* Settings.swift */ = {isa = PBXFileReference; lastKnownFileType = sourcecode.swift; path = Settings.swift; sourceTree = "<group>"; };
		2B9A493E233A4DB200601FF0 /* TabColorizer.swift */ = {isa = PBXFileReference; lastKnownFileType = sourcecode.swift; path = TabColorizer.swift; sourceTree = "<group>"; };
		2B9E0B8C233A735400D156B4 /* ChatView.swift */ = {isa = PBXFileReference; lastKnownFileType = sourcecode.swift; path = ChatView.swift; sourceTree = "<group>"; };
/* End PBXFileReference section */

/* Begin PBXFrameworksBuildPhase section */
		2B9A491E233A237F00601FF0 /* Frameworks */ = {
			isa = PBXFrameworksBuildPhase;
			buildActionMask = 2147483647;
			files = (
			);
			runOnlyForDeploymentPostprocessing = 0;
		};
/* End PBXFrameworksBuildPhase section */

/* Begin PBXGroup section */
		2B9A4918233A237F00601FF0 = {
			isa = PBXGroup;
			children = (
				2B9A4923233A237F00601FF0 /* MessagingApp2 */,
				2B9A4922233A237F00601FF0 /* Products */,
			);
			sourceTree = "<group>";
		};
		2B9A4922233A237F00601FF0 /* Products */ = {
			isa = PBXGroup;
			children = (
				2B9A4921233A237F00601FF0 /* MessagingApp2.app */,
			);
			name = Products;
			sourceTree = "<group>";
		};
		2B9A4923233A237F00601FF0 /* MessagingApp2 */ = {
			isa = PBXGroup;
			children = (
				2B9A4924233A238000601FF0 /* AppDelegate.swift */,
				2B9A4926233A238000601FF0 /* SceneDelegate.swift */,
				2B9A4928233A238000601FF0 /* ContentView.swift */,
				2B9E0B8C233A735400D156B4 /* ChatView.swift */,
				2B9A493D233A328200601FF0 /* Tabs */,
				2B9A492A233A238100601FF0 /* Assets.xcassets */,
				2B9A492F233A238100601FF0 /* LaunchScreen.storyboard */,
				2B9A4932233A238100601FF0 /* Info.plist */,
				2B9A492C233A238100601FF0 /* Preview Content */,
			);
			path = MessagingApp2;
			sourceTree = "<group>";
		};
		2B9A492C233A238100601FF0 /* Preview Content */ = {
			isa = PBXGroup;
			children = (
				2B9A492D233A238100601FF0 /* Preview Assets.xcassets */,
			);
			path = "Preview Content";
			sourceTree = "<group>";
		};
		2B9A493D233A328200601FF0 /* Tabs */ = {
			isa = PBXGroup;
			children = (
				2B9A493E233A4DB200601FF0 /* TabColorizer.swift */,
				2B9A4938233A31D600601FF0 /* ChatList.swift */,
				2B9A493A233A320600601FF0 /* Settings.swift */,
			);
			name = Tabs;
			sourceTree = "<group>";
		};
/* End PBXGroup section */

/* Begin PBXNativeTarget section */
		2B9A4920233A237F00601FF0 /* MessagingApp2 */ = {
			isa = PBXNativeTarget;
			buildConfigurationList = 2B9A4935233A238100601FF0 /* Build configuration list for PBXNativeTarget "MessagingApp2" */;
			buildPhases = (
				2B9A491D233A237F00601FF0 /* Sources */,
				2B9A491E233A237F00601FF0 /* Frameworks */,
				2B9A491F233A237F00601FF0 /* Resources */,
			);
			buildRules = (
			);
			dependencies = (
			);
			name = MessagingApp2;
			productName = MessagingApp2;
			productReference = 2B9A4921233A237F00601FF0 /* MessagingApp2.app */;
			productType = "com.apple.product-type.application";
		};
/* End PBXNativeTarget section */

/* Begin PBXProject section */
		2B9A4919233A237F00601FF0 /* Project object */ = {
			isa = PBXProject;
			attributes = {
				LastSwiftUpdateCheck = 1100;
				LastUpgradeCheck = 1100;
				ORGANIZATIONNAME = "Doğan Mert Güven";
				TargetAttributes = {
					2B9A4920233A237F00601FF0 = {
						CreatedOnToolsVersion = 11.0;
					};
				};
			};
			buildConfigurationList = 2B9A491C233A237F00601FF0 /* Build configuration list for PBXProject "MessagingApp2" */;
			compatibilityVersion = "Xcode 9.3";
			developmentRegion = en;
			hasScannedForEncodings = 0;
			knownRegions = (
				en,
				Base,
			);
			mainGroup = 2B9A4918233A237F00601FF0;
			productRefGroup = 2B9A4922233A237F00601FF0 /* Products */;
			projectDirPath = "";
			projectRoot = "";
			targets = (
				2B9A4920233A237F00601FF0 /* MessagingApp2 */,
			);
		};
/* End PBXProject section */

/* Begin PBXResourcesBuildPhase section */
		2B9A491F233A237F00601FF0 /* Resources */ = {
			isa = PBXResourcesBuildPhase;
			buildActionMask = 2147483647;
			files = (
				2B9A4931233A238100601FF0 /* LaunchScreen.storyboard in Resources */,
				2B9A492E233A238100601FF0 /* Preview Assets.xcassets in Resources */,
				2B9A492B233A238100601FF0 /* Assets.xcassets in Resources */,
			);
			runOnlyForDeploymentPostprocessing = 0;
		};
/* End PBXResourcesBuildPhase section */

/* Begin PBXSourcesBuildPhase section */
		2B9A491D233A237F00601FF0 /* Sources */ = {
			isa = PBXSourcesBuildPhase;
			buildActionMask = 2147483647;
			files = (
				2B9A4939233A31D600601FF0 /* ChatList.swift in Sources */,
				2B9A493F233A4DB200601FF0 /* TabColorizer.swift in Sources */,
				2B9A493B233A320600601FF0 /* Settings.swift in Sources */,
				2B9A4925233A238000601FF0 /* AppDelegate.swift in Sources */,
				2B9E0B8D233A735400D156B4 /* ChatView.swift in Sources */,
				2B9A4927233A238000601FF0 /* SceneDelegate.swift in Sources */,
				2B9A4929233A238000601FF0 /* ContentView.swift in Sources */,
			);
			runOnlyForDeploymentPostprocessing = 0;
		};
/* End PBXSourcesBuildPhase section */

/* Begin PBXVariantGroup section */
		2B9A492F233A238100601FF0 /* LaunchScreen.storyboard */ = {
			isa = PBXVariantGroup;
			children = (
				2B9A4930233A238100601FF0 /* Base */,
			);
			name = LaunchScreen.storyboard;
			sourceTree = "<group>";
		};
/* End PBXVariantGroup section */

/* Begin XCBuildConfiguration section */
		2B9A4933233A238100601FF0 /* Debug */ = {
			isa = XCBuildConfiguration;
			buildSettings = {
				ALWAYS_SEARCH_USER_PATHS = NO;
				CLANG_ANALYZER_NONNULL = YES;
				CLANG_ANALYZER_NUMBER_OBJECT_CONVERSION = YES_AGGRESSIVE;
				CLANG_CXX_LANGUAGE_STANDARD = "gnu++14";
				CLANG_CXX_LIBRARY = "libc++";
				CLANG_ENABLE_MODULES = YES;
				CLANG_ENABLE_OBJC_ARC = YES;
				CLANG_ENABLE_OBJC_WEAK = YES;
				CLANG_WARN_BLOCK_CAPTURE_AUTORELEASING = YES;
				CLANG_WARN_BOOL_CONVERSION = YES;
				CLANG_WARN_COMMA = YES;
				CLANG_WARN_CONSTANT_CONVERSION = YES;
				CLANG_WARN_DEPRECATED_OBJC_IMPLEMENTATIONS = YES;
				CLANG_WARN_DIRECT_OBJC_ISA_USAGE = YES_ERROR;
				CLANG_WARN_DOCUMENTATION_COMMENTS = YES;
				CLANG_WARN_EMPTY_BODY = YES;
				CLANG_WARN_ENUM_CONVERSION = YES;
				CLANG_WARN_INFINITE_RECURSION = YES;
				CLANG_WARN_INT_CONVERSION = YES;
				CLANG_WARN_NON_LITERAL_NULL_CONVERSION = YES;
				CLANG_WARN_OBJC_IMPLICIT_RETAIN_SELF = YES;
				CLANG_WARN_OBJC_LITERAL_CONVERSION = YES;
				CLANG_WARN_OBJC_ROOT_CLASS = YES_ERROR;
				CLANG_WARN_RANGE_LOOP_ANALYSIS = YES;
				CLANG_WARN_STRICT_PROTOTYPES = YES;
				CLANG_WARN_SUSPICIOUS_MOVE = YES;
				CLANG_WARN_UNGUARDED_AVAILABILITY = YES_AGGRESSIVE;
				CLANG_WARN_UNREACHABLE_CODE = YES;
				CLANG_WARN__DUPLICATE_METHOD_MATCH = YES;
				COPY_PHASE_STRIP = NO;
				DEBUG_INFORMATION_FORMAT = dwarf;
				ENABLE_STRICT_OBJC_MSGSEND = YES;
				ENABLE_TESTABILITY = YES;
				GCC_C_LANGUAGE_STANDARD = gnu11;
				GCC_DYNAMIC_NO_PIC = NO;
				GCC_NO_COMMON_BLOCKS = YES;
				GCC_OPTIMIZATION_LEVEL = 0;
				GCC_PREPROCESSOR_DEFINITIONS = (
					"DEBUG=1",
					"$(inherited)",
				);
				GCC_WARN_64_TO_32_BIT_CONVERSION = YES;
				GCC_WARN_ABOUT_RETURN_TYPE = YES_ERROR;
				GCC_WARN_UNDECLARED_SELECTOR = YES;
				GCC_WARN_UNINITIALIZED_AUTOS = YES_AGGRESSIVE;
				GCC_WARN_UNUSED_FUNCTION = YES;
				GCC_WARN_UNUSED_VARIABLE = YES;
				IPHONEOS_DEPLOYMENT_TARGET = 13.0;
				MTL_ENABLE_DEBUG_INFO = INCLUDE_SOURCE;
				MTL_FAST_MATH = YES;
				ONLY_ACTIVE_ARCH = YES;
				SDKROOT = iphoneos;
				SWIFT_ACTIVE_COMPILATION_CONDITIONS = DEBUG;
				SWIFT_OPTIMIZATION_LEVEL = "-Onone";
			};
			name = Debug;
		};
		2B9A4934233A238100601FF0 /* Release */ = {
			isa = XCBuildConfiguration;
			buildSettings = {
				ALWAYS_SEARCH_USER_PATHS = NO;
				CLANG_ANALYZER_NONNULL = YES;
				CLANG_ANALYZER_NUMBER_OBJECT_CONVERSION = YES_AGGRESSIVE;
				CLANG_CXX_LANGUAGE_STANDARD = "gnu++14";
				CLANG_CXX_LIBRARY = "libc++";
				CLANG_ENABLE_MODULES = YES;
				CLANG_ENABLE_OBJC_ARC = YES;
				CLANG_ENABLE_OBJC_WEAK = YES;
				CLANG_WARN_BLOCK_CAPTURE_AUTORELEASING = YES;
				CLANG_WARN_BOOL_CONVERSION = YES;
				CLANG_WARN_COMMA = YES;
				CLANG_WARN_CONSTANT_CONVERSION = YES;
				CLANG_WARN_DEPRECATED_OBJC_IMPLEMENTATIONS = YES;
				CLANG_WARN_DIRECT_OBJC_ISA_USAGE = YES_ERROR;
				CLANG_WARN_DOCUMENTATION_COMMENTS = YES;
				CLANG_WARN_EMPTY_BODY = YES;
				CLANG_WARN_ENUM_CONVERSION = YES;
				CLANG_WARN_INFINITE_RECURSION = YES;
				CLANG_WARN_INT_CONVERSION = YES;
				CLANG_WARN_NON_LITERAL_NULL_CONVERSION = YES;
				CLANG_WARN_OBJC_IMPLICIT_RETAIN_SELF = YES;
				CLANG_WARN_OBJC_LITERAL_CONVERSION = YES;
				CLANG_WARN_OBJC_ROOT_CLASS = YES_ERROR;
				CLANG_WARN_RANGE_LOOP_ANALYSIS = YES;
				CLANG_WARN_STRICT_PROTOTYPES = YES;
				CLANG_WARN_SUSPICIOUS_MOVE = YES;
				CLANG_WARN_UNGUARDED_AVAILABILITY = YES_AGGRESSIVE;
				CLANG_WARN_UNREACHABLE_CODE = YES;
				CLANG_WARN__DUPLICATE_METHOD_MATCH = YES;
				COPY_PHASE_STRIP = NO;
				DEBUG_INFORMATION_FORMAT = "dwarf-with-dsym";
				ENABLE_NS_ASSERTIONS = NO;
				ENABLE_STRICT_OBJC_MSGSEND = YES;
				GCC_C_LANGUAGE_STANDARD = gnu11;
				GCC_NO_COMMON_BLOCKS = YES;
				GCC_WARN_64_TO_32_BIT_CONVERSION = YES;
				GCC_WARN_ABOUT_RETURN_TYPE = YES_ERROR;
				GCC_WARN_UNDECLARED_SELECTOR = YES;
				GCC_WARN_UNINITIALIZED_AUTOS = YES_AGGRESSIVE;
				GCC_WARN_UNUSED_FUNCTION = YES;
				GCC_WARN_UNUSED_VARIABLE = YES;
				IPHONEOS_DEPLOYMENT_TARGET = 13.0;
				MTL_ENABLE_DEBUG_INFO = NO;
				MTL_FAST_MATH = YES;
				SDKROOT = iphoneos;
				SWIFT_COMPILATION_MODE = wholemodule;
				SWIFT_OPTIMIZATION_LEVEL = "-O";
				VALIDATE_PRODUCT = YES;
			};
			name = Release;
		};
		2B9A4936233A238100601FF0 /* Debug */ = {
			isa = XCBuildConfiguration;
			buildSettings = {
				ASSETCATALOG_COMPILER_APPICON_NAME = AppIcon;
				CODE_SIGN_STYLE = Automatic;
				DEVELOPMENT_ASSET_PATHS = "\"MessagingApp2/Preview Content\"";
				DEVELOPMENT_TEAM = QFD7CUS273;
				ENABLE_PREVIEWS = YES;
				INFOPLIST_FILE = MessagingApp2/Info.plist;
				LD_RUNPATH_SEARCH_PATHS = (
					"$(inherited)",
					"@executable_path/Frameworks",
				);
				PRODUCT_BUNDLE_IDENTIFIER = com.dmertguven.MessagingApp2;
				PRODUCT_NAME = "$(TARGET_NAME)";
				SWIFT_VERSION = 5.0;
				TARGETED_DEVICE_FAMILY = 1;
			};
			name = Debug;
		};
		2B9A4937233A238100601FF0 /* Release */ = {
			isa = XCBuildConfiguration;
			buildSettings = {
				ASSETCATALOG_COMPILER_APPICON_NAME = AppIcon;
				CODE_SIGN_STYLE = Automatic;
				DEVELOPMENT_ASSET_PATHS = "\"MessagingApp2/Preview Content\"";
				DEVELOPMENT_TEAM = QFD7CUS273;
				ENABLE_PREVIEWS = YES;
				INFOPLIST_FILE = MessagingApp2/Info.plist;
				LD_RUNPATH_SEARCH_PATHS = (
					"$(inherited)",
					"@executable_path/Frameworks",
				);
				PRODUCT_BUNDLE_IDENTIFIER = com.dmertguven.MessagingApp2;
				PRODUCT_NAME = "$(TARGET_NAME)";
				SWIFT_VERSION = 5.0;
				TARGETED_DEVICE_FAMILY = 1;
			};
			name = Release;
		};
/* End XCBuildConfiguration section */

/* Begin XCConfigurationList section */
		2B9A491C233A237F00601FF0 /* Build configuration list for PBXProject "MessagingApp2" */ = {
			isa = XCConfigurationList;
			buildConfigurations = (
				2B9A4933233A238100601FF0 /* Debug */,
				2B9A4934233A238100601FF0 /* Release */,
			);
			defaultConfigurationIsVisible = 0;
			defaultConfigurationName = Release;
		};
		2B9A4935233A238100601FF0 /* Build configuration list for PBXNativeTarget "MessagingApp2" */ = {
			isa = XCConfigurationList;
			buildConfigurations = (
				2B9A4936233A238100601FF0 /* Debug */,
				2B9A4937233A238100601FF0 /* Release */,
			);
			defaultConfigurationIsVisible = 0;
			defaultConfigurationName = Release;
		};
/* End XCConfigurationList section */
	};
	rootObject = 2B9A4919233A237F00601FF0 /* Project object */;
}
